// !$*UTF8*$!
{
	archiveVersion = 1;
	classes = {
	};
	objectVersion = 50;
	objects = {

/* Begin PBXBuildFile section */
		FABDE3492670E2CC003DEFE4 /* HTTPClient.swift in Sources */ = {isa = PBXBuildFile; fileRef = FABDE3482670E2CC003DEFE4 /* HTTPClient.swift */; };
		FABDE34E2670E352003DEFE4 /* FeedItemsMapper.swift in Sources */ = {isa = PBXBuildFile; fileRef = FABDE34D2670E352003DEFE4 /* FeedItemsMapper.swift */; };
		FADD0830266960540066A8EA /* AppDelegate.swift in Sources */ = {isa = PBXBuildFile; fileRef = FADD082F266960540066A8EA /* AppDelegate.swift */; };
		FADD0832266960540066A8EA /* SceneDelegate.swift in Sources */ = {isa = PBXBuildFile; fileRef = FADD0831266960540066A8EA /* SceneDelegate.swift */; };
		FADD0834266960540066A8EA /* ViewController.swift in Sources */ = {isa = PBXBuildFile; fileRef = FADD0833266960540066A8EA /* ViewController.swift */; };
		FADD0837266960540066A8EA /* Main.storyboard in Resources */ = {isa = PBXBuildFile; fileRef = FADD0835266960540066A8EA /* Main.storyboard */; };
		FADD0839266960540066A8EA /* Assets.xcassets in Resources */ = {isa = PBXBuildFile; fileRef = FADD0838266960540066A8EA /* Assets.xcassets */; };
		FADD083C266960540066A8EA /* LaunchScreen.storyboard in Resources */ = {isa = PBXBuildFile; fileRef = FADD083A266960540066A8EA /* LaunchScreen.storyboard */; };
		FADD0847266960540066A8EA /* EssentialFeedTests.swift in Sources */ = {isa = PBXBuildFile; fileRef = FADD0846266960540066A8EA /* EssentialFeedTests.swift */; };
		FADD0852266960540066A8EA /* EssentialFeedUITests.swift in Sources */ = {isa = PBXBuildFile; fileRef = FADD0851266960540066A8EA /* EssentialFeedUITests.swift */; };
		FADD0865266960EE0066A8EA /* RemoteFeedLoader.swift in Sources */ = {isa = PBXBuildFile; fileRef = FADD0864266960EE0066A8EA /* RemoteFeedLoader.swift */; };
		FADD086D266961310066A8EA /* RemoteFeedLoaderTests.swift in Sources */ = {isa = PBXBuildFile; fileRef = FADD086C266961310066A8EA /* RemoteFeedLoaderTests.swift */; };
		FADD0A1B266AC7980066A8EA /* FeedItem.swift in Sources */ = {isa = PBXBuildFile; fileRef = FADD0A1A266AC7980066A8EA /* FeedItem.swift */; };
		FADD0A20266B59680066A8EA /* RemoteFeedLoaderLearningTests.swift in Sources */ = {isa = PBXBuildFile; fileRef = FADD0A1F266B59680066A8EA /* RemoteFeedLoaderLearningTests.swift */; };
/* End PBXBuildFile section */

/* Begin PBXContainerItemProxy section */
		FADD0843266960540066A8EA /* PBXContainerItemProxy */ = {
			isa = PBXContainerItemProxy;
			containerPortal = FADD0824266960540066A8EA /* Project object */;
			proxyType = 1;
			remoteGlobalIDString = FADD082B266960540066A8EA;
			remoteInfo = EssentialFeed;
		};
		FADD084E266960540066A8EA /* PBXContainerItemProxy */ = {
			isa = PBXContainerItemProxy;
			containerPortal = FADD0824266960540066A8EA /* Project object */;
			proxyType = 1;
			remoteGlobalIDString = FADD082B266960540066A8EA;
			remoteInfo = EssentialFeed;
		};
/* End PBXContainerItemProxy section */

/* Begin PBXFileReference section */
		FABDE3482670E2CC003DEFE4 /* HTTPClient.swift */ = {isa = PBXFileReference; lastKnownFileType = sourcecode.swift; path = HTTPClient.swift; sourceTree = "<group>"; };
		FABDE34D2670E352003DEFE4 /* FeedItemsMapper.swift */ = {isa = PBXFileReference; lastKnownFileType = sourcecode.swift; path = FeedItemsMapper.swift; sourceTree = "<group>"; };
		FADD082C266960540066A8EA /* EssentialFeed.app */ = {isa = PBXFileReference; explicitFileType = wrapper.application; includeInIndex = 0; path = EssentialFeed.app; sourceTree = BUILT_PRODUCTS_DIR; };
		FADD082F266960540066A8EA /* AppDelegate.swift */ = {isa = PBXFileReference; lastKnownFileType = sourcecode.swift; path = AppDelegate.swift; sourceTree = "<group>"; };
		FADD0831266960540066A8EA /* SceneDelegate.swift */ = {isa = PBXFileReference; lastKnownFileType = sourcecode.swift; path = SceneDelegate.swift; sourceTree = "<group>"; };
		FADD0833266960540066A8EA /* ViewController.swift */ = {isa = PBXFileReference; lastKnownFileType = sourcecode.swift; path = ViewController.swift; sourceTree = "<group>"; };
		FADD0836266960540066A8EA /* Base */ = {isa = PBXFileReference; lastKnownFileType = file.storyboard; name = Base; path = Base.lproj/Main.storyboard; sourceTree = "<group>"; };
		FADD0838266960540066A8EA /* Assets.xcassets */ = {isa = PBXFileReference; lastKnownFileType = folder.assetcatalog; path = Assets.xcassets; sourceTree = "<group>"; };
		FADD083B266960540066A8EA /* Base */ = {isa = PBXFileReference; lastKnownFileType = file.storyboard; name = Base; path = Base.lproj/LaunchScreen.storyboard; sourceTree = "<group>"; };
		FADD083D266960540066A8EA /* Info.plist */ = {isa = PBXFileReference; lastKnownFileType = text.plist.xml; path = Info.plist; sourceTree = "<group>"; };
		FADD0842266960540066A8EA /* EssentialFeedTests.xctest */ = {isa = PBXFileReference; explicitFileType = wrapper.cfbundle; includeInIndex = 0; path = EssentialFeedTests.xctest; sourceTree = BUILT_PRODUCTS_DIR; };
		FADD0846266960540066A8EA /* EssentialFeedTests.swift */ = {isa = PBXFileReference; lastKnownFileType = sourcecode.swift; path = EssentialFeedTests.swift; sourceTree = "<group>"; };
		FADD0848266960540066A8EA /* Info.plist */ = {isa = PBXFileReference; lastKnownFileType = text.plist.xml; path = Info.plist; sourceTree = "<group>"; };
		FADD084D266960540066A8EA /* EssentialFeedUITests.xctest */ = {isa = PBXFileReference; explicitFileType = wrapper.cfbundle; includeInIndex = 0; path = EssentialFeedUITests.xctest; sourceTree = BUILT_PRODUCTS_DIR; };
		FADD0851266960540066A8EA /* EssentialFeedUITests.swift */ = {isa = PBXFileReference; lastKnownFileType = sourcecode.swift; path = EssentialFeedUITests.swift; sourceTree = "<group>"; };
		FADD0853266960540066A8EA /* Info.plist */ = {isa = PBXFileReference; lastKnownFileType = text.plist.xml; path = Info.plist; sourceTree = "<group>"; };
		FADD0864266960EE0066A8EA /* RemoteFeedLoader.swift */ = {isa = PBXFileReference; lastKnownFileType = sourcecode.swift; path = RemoteFeedLoader.swift; sourceTree = "<group>"; };
		FADD086C266961310066A8EA /* RemoteFeedLoaderTests.swift */ = {isa = PBXFileReference; lastKnownFileType = sourcecode.swift; path = RemoteFeedLoaderTests.swift; sourceTree = "<group>"; };
		FADD0A1A266AC7980066A8EA /* FeedItem.swift */ = {isa = PBXFileReference; lastKnownFileType = sourcecode.swift; path = FeedItem.swift; sourceTree = "<group>"; };
		FADD0A1F266B59680066A8EA /* RemoteFeedLoaderLearningTests.swift */ = {isa = PBXFileReference; lastKnownFileType = sourcecode.swift; path = RemoteFeedLoaderLearningTests.swift; sourceTree = "<group>"; };
/* End PBXFileReference section */

/* Begin PBXFrameworksBuildPhase section */
		FADD0829266960540066A8EA /* Frameworks */ = {
			isa = PBXFrameworksBuildPhase;
			buildActionMask = 2147483647;
			files = (
			);
			runOnlyForDeploymentPostprocessing = 0;
		};
		FADD083F266960540066A8EA /* Frameworks */ = {
			isa = PBXFrameworksBuildPhase;
			buildActionMask = 2147483647;
			files = (
			);
			runOnlyForDeploymentPostprocessing = 0;
		};
		FADD084A266960540066A8EA /* Frameworks */ = {
			isa = PBXFrameworksBuildPhase;
			buildActionMask = 2147483647;
			files = (
			);
			runOnlyForDeploymentPostprocessing = 0;
		};
/* End PBXFrameworksBuildPhase section */

/* Begin PBXGroup section */
		FADD0823266960540066A8EA = {
			isa = PBXGroup;
			children = (
				FADD082E266960540066A8EA /* EssentialFeed */,
				FADD0845266960540066A8EA /* EssentialFeedTests */,
				FADD0850266960540066A8EA /* EssentialFeedUITests */,
				FADD082D266960540066A8EA /* Products */,
			);
			sourceTree = "<group>";
		};
		FADD082D266960540066A8EA /* Products */ = {
			isa = PBXGroup;
			children = (
				FADD082C266960540066A8EA /* EssentialFeed.app */,
				FADD0842266960540066A8EA /* EssentialFeedTests.xctest */,
				FADD084D266960540066A8EA /* EssentialFeedUITests.xctest */,
			);
			name = Products;
			sourceTree = "<group>";
		};
		FADD082E266960540066A8EA /* EssentialFeed */ = {
			isa = PBXGroup;
			children = (
				FADD0862266960CE0066A8EA /* FeedFeature */,
				FADD0863266960D70066A8EA /* FeedAPI */,
				FADD082F266960540066A8EA /* AppDelegate.swift */,
				FADD0831266960540066A8EA /* SceneDelegate.swift */,
				FADD0833266960540066A8EA /* ViewController.swift */,
				FADD0835266960540066A8EA /* Main.storyboard */,
				FADD0838266960540066A8EA /* Assets.xcassets */,
				FADD083A266960540066A8EA /* LaunchScreen.storyboard */,
				FADD083D266960540066A8EA /* Info.plist */,
			);
			path = EssentialFeed;
			sourceTree = "<group>";
		};
		FADD0845266960540066A8EA /* EssentialFeedTests */ = {
			isa = PBXGroup;
			children = (
				FADD0846266960540066A8EA /* EssentialFeedTests.swift */,
				FADD0848266960540066A8EA /* Info.plist */,
				FADD086C266961310066A8EA /* RemoteFeedLoaderTests.swift */,
				FADD0A1F266B59680066A8EA /* RemoteFeedLoaderLearningTests.swift */,
			);
			path = EssentialFeedTests;
			sourceTree = "<group>";
		};
		FADD0850266960540066A8EA /* EssentialFeedUITests */ = {
			isa = PBXGroup;
			children = (
				FADD0851266960540066A8EA /* EssentialFeedUITests.swift */,
				FADD0853266960540066A8EA /* Info.plist */,
			);
			path = EssentialFeedUITests;
			sourceTree = "<group>";
		};
		FADD0862266960CE0066A8EA /* FeedFeature */ = {
			isa = PBXGroup;
			children = (
				FADD0A1A266AC7980066A8EA /* FeedItem.swift */,
			);
			path = FeedFeature;
			sourceTree = "<group>";
		};
		FADD0863266960D70066A8EA /* FeedAPI */ = {
			isa = PBXGroup;
			children = (
				FADD0864266960EE0066A8EA /* RemoteFeedLoader.swift */,
				FABDE3482670E2CC003DEFE4 /* HTTPClient.swift */,
				FABDE34D2670E352003DEFE4 /* FeedItemsMapper.swift */,
			);
			path = FeedAPI;
			sourceTree = "<group>";
		};
/* End PBXGroup section */

/* Begin PBXNativeTarget section */
		FADD082B266960540066A8EA /* EssentialFeed */ = {
			isa = PBXNativeTarget;
			buildConfigurationList = FADD0856266960540066A8EA /* Build configuration list for PBXNativeTarget "EssentialFeed" */;
			buildPhases = (
				FADD0828266960540066A8EA /* Sources */,
				FADD0829266960540066A8EA /* Frameworks */,
				FADD082A266960540066A8EA /* Resources */,
			);
			buildRules = (
			);
			dependencies = (
			);
			name = EssentialFeed;
			productName = EssentialFeed;
			productReference = FADD082C266960540066A8EA /* EssentialFeed.app */;
			productType = "com.apple.product-type.application";
		};
		FADD0841266960540066A8EA /* EssentialFeedTests */ = {
			isa = PBXNativeTarget;
			buildConfigurationList = FADD0859266960540066A8EA /* Build configuration list for PBXNativeTarget "EssentialFeedTests" */;
			buildPhases = (
				FADD083E266960540066A8EA /* Sources */,
				FADD083F266960540066A8EA /* Frameworks */,
				FADD0840266960540066A8EA /* Resources */,
			);
			buildRules = (
			);
			dependencies = (
				FADD0844266960540066A8EA /* PBXTargetDependency */,
			);
			name = EssentialFeedTests;
			productName = EssentialFeedTests;
			productReference = FADD0842266960540066A8EA /* EssentialFeedTests.xctest */;
			productType = "com.apple.product-type.bundle.unit-test";
		};
		FADD084C266960540066A8EA /* EssentialFeedUITests */ = {
			isa = PBXNativeTarget;
			buildConfigurationList = FADD085C266960540066A8EA /* Build configuration list for PBXNativeTarget "EssentialFeedUITests" */;
			buildPhases = (
				FADD0849266960540066A8EA /* Sources */,
				FADD084A266960540066A8EA /* Frameworks */,
				FADD084B266960540066A8EA /* Resources */,
			);
			buildRules = (
			);
			dependencies = (
				FADD084F266960540066A8EA /* PBXTargetDependency */,
			);
			name = EssentialFeedUITests;
			productName = EssentialFeedUITests;
			productReference = FADD084D266960540066A8EA /* EssentialFeedUITests.xctest */;
			productType = "com.apple.product-type.bundle.ui-testing";
		};
/* End PBXNativeTarget section */

/* Begin PBXProject section */
		FADD0824266960540066A8EA /* Project object */ = {
			isa = PBXProject;
			attributes = {
				LastSwiftUpdateCheck = 1240;
				LastUpgradeCheck = 1240;
				TargetAttributes = {
					FADD082B266960540066A8EA = {
						CreatedOnToolsVersion = 12.4;
					};
					FADD0841266960540066A8EA = {
						CreatedOnToolsVersion = 12.4;
						TestTargetID = FADD082B266960540066A8EA;
					};
					FADD084C266960540066A8EA = {
						CreatedOnToolsVersion = 12.4;
						TestTargetID = FADD082B266960540066A8EA;
					};
				};
			};
			buildConfigurationList = FADD0827266960540066A8EA /* Build configuration list for PBXProject "EssentialFeed" */;
			compatibilityVersion = "Xcode 9.3";
			developmentRegion = en;
			hasScannedForEncodings = 0;
			knownRegions = (
				en,
				Base,
			);
			mainGroup = FADD0823266960540066A8EA;
			productRefGroup = FADD082D266960540066A8EA /* Products */;
			projectDirPath = "";
			projectRoot = "";
			targets = (
				FADD082B266960540066A8EA /* EssentialFeed */,
				FADD0841266960540066A8EA /* EssentialFeedTests */,
				FADD084C266960540066A8EA /* EssentialFeedUITests */,
			);
		};
/* End PBXProject section */

/* Begin PBXResourcesBuildPhase section */
		FADD082A266960540066A8EA /* Resources */ = {
			isa = PBXResourcesBuildPhase;
			buildActionMask = 2147483647;
			files = (
				FADD083C266960540066A8EA /* LaunchScreen.storyboard in Resources */,
				FADD0839266960540066A8EA /* Assets.xcassets in Resources */,
				FADD0837266960540066A8EA /* Main.storyboard in Resources */,
			);
			runOnlyForDeploymentPostprocessing = 0;
		};
		FADD0840266960540066A8EA /* Resources */ = {
			isa = PBXResourcesBuildPhase;
			buildActionMask = 2147483647;
			files = (
			);
			runOnlyForDeploymentPostprocessing = 0;
		};
		FADD084B266960540066A8EA /* Resources */ = {
			isa = PBXResourcesBuildPhase;
			buildActionMask = 2147483647;
			files = (
			);
			runOnlyForDeploymentPostprocessing = 0;
		};
/* End PBXResourcesBuildPhase section */

/* Begin PBXSourcesBuildPhase section */
		FADD0828266960540066A8EA /* Sources */ = {
			isa = PBXSourcesBuildPhase;
			buildActionMask = 2147483647;
			files = (
				FADD0865266960EE0066A8EA /* RemoteFeedLoader.swift in Sources */,
				FADD0834266960540066A8EA /* ViewController.swift in Sources */,
				FABDE3492670E2CC003DEFE4 /* HTTPClient.swift in Sources */,
				FABDE34E2670E352003DEFE4 /* FeedItemsMapper.swift in Sources */,
				FADD0830266960540066A8EA /* AppDelegate.swift in Sources */,
				FADD0A1B266AC7980066A8EA /* FeedItem.swift in Sources */,
				FADD0832266960540066A8EA /* SceneDelegate.swift in Sources */,
			);
			runOnlyForDeploymentPostprocessing = 0;
		};
		FADD083E266960540066A8EA /* Sources */ = {
			isa = PBXSourcesBuildPhase;
			buildActionMask = 2147483647;
			files = (
				FADD086D266961310066A8EA /* RemoteFeedLoaderTests.swift in Sources */,
				FADD0847266960540066A8EA /* EssentialFeedTests.swift in Sources */,
				FADD0A20266B59680066A8EA /* RemoteFeedLoaderLearningTests.swift in Sources */,
			);
			runOnlyForDeploymentPostprocessing = 0;
		};
		FADD0849266960540066A8EA /* Sources */ = {
			isa = PBXSourcesBuildPhase;
			buildActionMask = 2147483647;
			files = (
				FADD0852266960540066A8EA /* EssentialFeedUITests.swift in Sources */,
			);
			runOnlyForDeploymentPostprocessing = 0;
		};
/* End PBXSourcesBuildPhase section */

/* Begin PBXTargetDependency section */
		FADD0844266960540066A8EA /* PBXTargetDependency */ = {
			isa = PBXTargetDependency;
			target = FADD082B266960540066A8EA /* EssentialFeed */;
			targetProxy = FADD0843266960540066A8EA /* PBXContainerItemProxy */;
		};
		FADD084F266960540066A8EA /* PBXTargetDependency */ = {
			isa = PBXTargetDependency;
			target = FADD082B266960540066A8EA /* EssentialFeed */;
			targetProxy = FADD084E266960540066A8EA /* PBXContainerItemProxy */;
		};
/* End PBXTargetDependency section */

/* Begin PBXVariantGroup section */
		FADD0835266960540066A8EA /* Main.storyboard */ = {
			isa = PBXVariantGroup;
			children = (
				FADD0836266960540066A8EA /* Base */,
			);
			name = Main.storyboard;
			sourceTree = "<group>";
		};
		FADD083A266960540066A8EA /* LaunchScreen.storyboard */ = {
			isa = PBXVariantGroup;
			children = (
				FADD083B266960540066A8EA /* Base */,
			);
			name = LaunchScreen.storyboard;
			sourceTree = "<group>";
		};
/* End PBXVariantGroup section */

/* Begin XCBuildConfiguration section */
		FADD0854266960540066A8EA /* Debug */ = {
			isa = XCBuildConfiguration;
			buildSettings = {
				ALWAYS_SEARCH_USER_PATHS = NO;
				CLANG_ANALYZER_NONNULL = YES;
				CLANG_ANALYZER_NUMBER_OBJECT_CONVERSION = YES_AGGRESSIVE;
				CLANG_CXX_LANGUAGE_STANDARD = "gnu++14";
				CLANG_CXX_LIBRARY = "libc++";
				CLANG_ENABLE_MODULES = YES;
				CLANG_ENABLE_OBJC_ARC = YES;
				CLANG_ENABLE_OBJC_WEAK = YES;
				CLANG_WARN_BLOCK_CAPTURE_AUTORELEASING = YES;
				CLANG_WARN_BOOL_CONVERSION = YES;
				CLANG_WARN_COMMA = YES;
				CLANG_WARN_CONSTANT_CONVERSION = YES;
				CLANG_WARN_DEPRECATED_OBJC_IMPLEMENTATIONS = YES;
				CLANG_WARN_DIRECT_OBJC_ISA_USAGE = YES_ERROR;
				CLANG_WARN_DOCUMENTATION_COMMENTS = YES;
				CLANG_WARN_EMPTY_BODY = YES;
				CLANG_WARN_ENUM_CONVERSION = YES;
				CLANG_WARN_INFINITE_RECURSION = YES;
				CLANG_WARN_INT_CONVERSION = YES;
				CLANG_WARN_NON_LITERAL_NULL_CONVERSION = YES;
				CLANG_WARN_OBJC_IMPLICIT_RETAIN_SELF = YES;
				CLANG_WARN_OBJC_LITERAL_CONVERSION = YES;
				CLANG_WARN_OBJC_ROOT_CLASS = YES_ERROR;
				CLANG_WARN_QUOTED_INCLUDE_IN_FRAMEWORK_HEADER = YES;
				CLANG_WARN_RANGE_LOOP_ANALYSIS = YES;
				CLANG_WARN_STRICT_PROTOTYPES = YES;
				CLANG_WARN_SUSPICIOUS_MOVE = YES;
				CLANG_WARN_UNGUARDED_AVAILABILITY = YES_AGGRESSIVE;
				CLANG_WARN_UNREACHABLE_CODE = YES;
				CLANG_WARN__DUPLICATE_METHOD_MATCH = YES;
				COPY_PHASE_STRIP = NO;
				DEBUG_INFORMATION_FORMAT = dwarf;
				ENABLE_STRICT_OBJC_MSGSEND = YES;
				ENABLE_TESTABILITY = YES;
				GCC_C_LANGUAGE_STANDARD = gnu11;
				GCC_DYNAMIC_NO_PIC = NO;
				GCC_NO_COMMON_BLOCKS = YES;
				GCC_OPTIMIZATION_LEVEL = 0;
				GCC_PREPROCESSOR_DEFINITIONS = (
					"DEBUG=1",
					"$(inherited)",
				);
				GCC_WARN_64_TO_32_BIT_CONVERSION = YES;
				GCC_WARN_ABOUT_RETURN_TYPE = YES_ERROR;
				GCC_WARN_UNDECLARED_SELECTOR = YES;
				GCC_WARN_UNINITIALIZED_AUTOS = YES_AGGRESSIVE;
				GCC_WARN_UNUSED_FUNCTION = YES;
				GCC_WARN_UNUSED_VARIABLE = YES;
				IPHONEOS_DEPLOYMENT_TARGET = 14.4;
				MTL_ENABLE_DEBUG_INFO = INCLUDE_SOURCE;
				MTL_FAST_MATH = YES;
				ONLY_ACTIVE_ARCH = YES;
				SDKROOT = iphoneos;
				SWIFT_ACTIVE_COMPILATION_CONDITIONS = DEBUG;
				SWIFT_OPTIMIZATION_LEVEL = "-Onone";
			};
			name = Debug;
		};
		FADD0855266960540066A8EA /* Release */ = {
			isa = XCBuildConfiguration;
			buildSettings = {
				ALWAYS_SEARCH_USER_PATHS = NO;
				CLANG_ANALYZER_NONNULL = YES;
				CLANG_ANALYZER_NUMBER_OBJECT_CONVERSION = YES_AGGRESSIVE;
				CLANG_CXX_LANGUAGE_STANDARD = "gnu++14";
				CLANG_CXX_LIBRARY = "libc++";
				CLANG_ENABLE_MODULES = YES;
				CLANG_ENABLE_OBJC_ARC = YES;
				CLANG_ENABLE_OBJC_WEAK = YES;
				CLANG_WARN_BLOCK_CAPTURE_AUTORELEASING = YES;
				CLANG_WARN_BOOL_CONVERSION = YES;
				CLANG_WARN_COMMA = YES;
				CLANG_WARN_CONSTANT_CONVERSION = YES;
				CLANG_WARN_DEPRECATED_OBJC_IMPLEMENTATIONS = YES;
				CLANG_WARN_DIRECT_OBJC_ISA_USAGE = YES_ERROR;
				CLANG_WARN_DOCUMENTATION_COMMENTS = YES;
				CLANG_WARN_EMPTY_BODY = YES;
				CLANG_WARN_ENUM_CONVERSION = YES;
				CLANG_WARN_INFINITE_RECURSION = YES;
				CLANG_WARN_INT_CONVERSION = YES;
				CLANG_WARN_NON_LITERAL_NULL_CONVERSION = YES;
				CLANG_WARN_OBJC_IMPLICIT_RETAIN_SELF = YES;
				CLANG_WARN_OBJC_LITERAL_CONVERSION = YES;
				CLANG_WARN_OBJC_ROOT_CLASS = YES_ERROR;
				CLANG_WARN_QUOTED_INCLUDE_IN_FRAMEWORK_HEADER = YES;
				CLANG_WARN_RANGE_LOOP_ANALYSIS = YES;
				CLANG_WARN_STRICT_PROTOTYPES = YES;
				CLANG_WARN_SUSPICIOUS_MOVE = YES;
				CLANG_WARN_UNGUARDED_AVAILABILITY = YES_AGGRESSIVE;
				CLANG_WARN_UNREACHABLE_CODE = YES;
				CLANG_WARN__DUPLICATE_METHOD_MATCH = YES;
				COPY_PHASE_STRIP = NO;
				DEBUG_INFORMATION_FORMAT = "dwarf-with-dsym";
				ENABLE_NS_ASSERTIONS = NO;
				ENABLE_STRICT_OBJC_MSGSEND = YES;
				GCC_C_LANGUAGE_STANDARD = gnu11;
				GCC_NO_COMMON_BLOCKS = YES;
				GCC_WARN_64_TO_32_BIT_CONVERSION = YES;
				GCC_WARN_ABOUT_RETURN_TYPE = YES_ERROR;
				GCC_WARN_UNDECLARED_SELECTOR = YES;
				GCC_WARN_UNINITIALIZED_AUTOS = YES_AGGRESSIVE;
				GCC_WARN_UNUSED_FUNCTION = YES;
				GCC_WARN_UNUSED_VARIABLE = YES;
				IPHONEOS_DEPLOYMENT_TARGET = 14.4;
				MTL_ENABLE_DEBUG_INFO = NO;
				MTL_FAST_MATH = YES;
				SDKROOT = iphoneos;
				SWIFT_COMPILATION_MODE = wholemodule;
				SWIFT_OPTIMIZATION_LEVEL = "-O";
				VALIDATE_PRODUCT = YES;
			};
			name = Release;
		};
		FADD0857266960540066A8EA /* Debug */ = {
			isa = XCBuildConfiguration;
			buildSettings = {
				ASSETCATALOG_COMPILER_APPICON_NAME = AppIcon;
				ASSETCATALOG_COMPILER_GLOBAL_ACCENT_COLOR_NAME = AccentColor;
				CODE_SIGN_STYLE = Automatic;
				DEVELOPMENT_TEAM = 9X7BN9YP4C;
				INFOPLIST_FILE = EssentialFeed/Info.plist;
				LD_RUNPATH_SEARCH_PATHS = (
					"$(inherited)",
					"@executable_path/Frameworks",
				);
				PRODUCT_BUNDLE_IDENTIFIER = com.Swiggy.EssentialFeed;
				PRODUCT_NAME = "$(TARGET_NAME)";
				SWIFT_VERSION = 5.0;
				TARGETED_DEVICE_FAMILY = "1,2";
			};
			name = Debug;
		};
		FADD0858266960540066A8EA /* Release */ = {
			isa = XCBuildConfiguration;
			buildSettings = {
				ASSETCATALOG_COMPILER_APPICON_NAME = AppIcon;
				ASSETCATALOG_COMPILER_GLOBAL_ACCENT_COLOR_NAME = AccentColor;
				CODE_SIGN_STYLE = Automatic;
				DEVELOPMENT_TEAM = 9X7BN9YP4C;
				INFOPLIST_FILE = EssentialFeed/Info.plist;
				LD_RUNPATH_SEARCH_PATHS = (
					"$(inherited)",
					"@executable_path/Frameworks",
				);
				PRODUCT_BUNDLE_IDENTIFIER = com.Swiggy.EssentialFeed;
				PRODUCT_NAME = "$(TARGET_NAME)";
				SWIFT_VERSION = 5.0;
				TARGETED_DEVICE_FAMILY = "1,2";
			};
			name = Release;
		};
		FADD085A266960540066A8EA /* Debug */ = {
			isa = XCBuildConfiguration;
			buildSettings = {
				ALWAYS_EMBED_SWIFT_STANDARD_LIBRARIES = YES;
				BUNDLE_LOADER = "$(TEST_HOST)";
				CODE_SIGN_STYLE = Automatic;
				DEVELOPMENT_TEAM = 9X7BN9YP4C;
				INFOPLIST_FILE = EssentialFeedTests/Info.plist;
				IPHONEOS_DEPLOYMENT_TARGET = 14.4;
				LD_RUNPATH_SEARCH_PATHS = (
					"$(inherited)",
					"@executable_path/Frameworks",
					"@loader_path/Frameworks",
				);
				PRODUCT_BUNDLE_IDENTIFIER = com.Swiggy.EssentialFeedTests;
				PRODUCT_NAME = "$(TARGET_NAME)";
				SWIFT_VERSION = 5.0;
				TARGETED_DEVICE_FAMILY = "1,2";
				TEST_HOST = "$(BUILT_PRODUCTS_DIR)/EssentialFeed.app/EssentialFeed";
			};
			name = Debug;
		};
		FADD085B266960540066A8EA /* Release */ = {
			isa = XCBuildConfiguration;
			buildSettings = {
				ALWAYS_EMBED_SWIFT_STANDARD_LIBRARIES = YES;
				BUNDLE_LOADER = "$(TEST_HOST)";
				CODE_SIGN_STYLE = Automatic;
				DEVELOPMENT_TEAM = 9X7BN9YP4C;
				INFOPLIST_FILE = EssentialFeedTests/Info.plist;
				IPHONEOS_DEPLOYMENT_TARGET = 14.4;
				LD_RUNPATH_SEARCH_PATHS = (
					"$(inherited)",
					"@executable_path/Frameworks",
					"@loader_path/Frameworks",
				);
				PRODUCT_BUNDLE_IDENTIFIER = com.Swiggy.EssentialFeedTests;
				PRODUCT_NAME = "$(TARGET_NAME)";
				SWIFT_VERSION = 5.0;
				TARGETED_DEVICE_FAMILY = "1,2";
				TEST_HOST = "$(BUILT_PRODUCTS_DIR)/EssentialFeed.app/EssentialFeed";
			};
			name = Release;
		};
		FADD085D266960540066A8EA /* Debug */ = {
			isa = XCBuildConfiguration;
			buildSettings = {
				ALWAYS_EMBED_SWIFT_STANDARD_LIBRARIES = YES;
				CODE_SIGN_STYLE = Automatic;
				DEVELOPMENT_TEAM = 9X7BN9YP4C;
				INFOPLIST_FILE = EssentialFeedUITests/Info.plist;
				LD_RUNPATH_SEARCH_PATHS = (
					"$(inherited)",
					"@executable_path/Frameworks",
					"@loader_path/Frameworks",
				);
				PRODUCT_BUNDLE_IDENTIFIER = com.Swiggy.EssentialFeedUITests;
				PRODUCT_NAME = "$(TARGET_NAME)";
				SWIFT_VERSION = 5.0;
				TARGETED_DEVICE_FAMILY = "1,2";
				TEST_TARGET_NAME = EssentialFeed;
			};
			name = Debug;
		};
		FADD085E266960540066A8EA /* Release */ = {
			isa = XCBuildConfiguration;
			buildSettings = {
				ALWAYS_EMBED_SWIFT_STANDARD_LIBRARIES = YES;
				CODE_SIGN_STYLE = Automatic;
				DEVELOPMENT_TEAM = 9X7BN9YP4C;
				INFOPLIST_FILE = EssentialFeedUITests/Info.plist;
				LD_RUNPATH_SEARCH_PATHS = (
					"$(inherited)",
					"@executable_path/Frameworks",
					"@loader_path/Frameworks",
				);
				PRODUCT_BUNDLE_IDENTIFIER = com.Swiggy.EssentialFeedUITests;
				PRODUCT_NAME = "$(TARGET_NAME)";
				SWIFT_VERSION = 5.0;
				TARGETED_DEVICE_FAMILY = "1,2";
				TEST_TARGET_NAME = EssentialFeed;
			};
			name = Release;
		};
/* End XCBuildConfiguration section */

/* Begin XCConfigurationList section */
		FADD0827266960540066A8EA /* Build configuration list for PBXProject "EssentialFeed" */ = {
			isa = XCConfigurationList;
			buildConfigurations = (
				FADD0854266960540066A8EA /* Debug */,
				FADD0855266960540066A8EA /* Release */,
			);
			defaultConfigurationIsVisible = 0;
			defaultConfigurationName = Release;
		};
		FADD0856266960540066A8EA /* Build configuration list for PBXNativeTarget "EssentialFeed" */ = {
			isa = XCConfigurationList;
			buildConfigurations = (
				FADD0857266960540066A8EA /* Debug */,
				FADD0858266960540066A8EA /* Release */,
			);
			defaultConfigurationIsVisible = 0;
			defaultConfigurationName = Release;
		};
		FADD0859266960540066A8EA /* Build configuration list for PBXNativeTarget "EssentialFeedTests" */ = {
			isa = XCConfigurationList;
			buildConfigurations = (
				FADD085A266960540066A8EA /* Debug */,
				FADD085B266960540066A8EA /* Release */,
			);
			defaultConfigurationIsVisible = 0;
			defaultConfigurationName = Release;
		};
		FADD085C266960540066A8EA /* Build configuration list for PBXNativeTarget "EssentialFeedUITests" */ = {
			isa = XCConfigurationList;
			buildConfigurations = (
				FADD085D266960540066A8EA /* Debug */,
				FADD085E266960540066A8EA /* Release */,
			);
			defaultConfigurationIsVisible = 0;
			defaultConfigurationName = Release;
		};
/* End XCConfigurationList section */
	};
	rootObject = FADD0824266960540066A8EA /* Project object */;
}
